github.com/Dash-Industry-Forum/livesim2 v1.9.0 h1:7NTv3f+9gszh9mX7p6ltaTJmLlR400S+R4pjWrzpLKQ=
github.com/Dash-Industry-Forum/livesim2 v1.9.0/go.mod h1:AtqFe2WBX6TSoHlpHw7Hh/IWttqDRnoN+VnysQyssiA=
github.com/Eyevinn/go-608 v0.9.0 h1:vpU6s74i0bj5rjrUiqT2Qbf4abEwLRNHBdx4FU0RZE0=
github.com/Eyevinn/go-608 v0.9.0/go.mod h1:Rs0dVVIrIgSaFYYV0QfeZOXlYgkr0XV9ri0bA63j4pA=
github.com/Eyevinn/locmaf v0.2.1 h1:CQLM+fnu7yM5AUpjgmnfOT/KHDl0jm8qoDP9zPgCu3I=
github.com/Eyevinn/locmaf v0.2.1/go.mod h1:KfJydeqguSWartTYTbNSnYCnf7aaVMX6yrQ/7OKJeL4=
github.com/Eyevinn/moqtransport v0.14.0 h1:kK6p7QJ6rWluwEyQ+gHBY6Mo5C7cUqNedAre5S5B/VE=
github.com/Eyevinn/moqtransport v0.14.0/go.mod h1:woelFaK8LX0T7nsIfQDm2y6etFsB23RDeGV8di+zU4I=
github.com/Eyevinn/mp4ff v0.57.0 h1:/Gr4a5W83BcXyoFZSWSGGGjb5Yq1oYZGtHCnZ0i5hEg=
github.com/Eyevinn/mp4ff v0.57.0/go.mod h1:3EZTsioPJ4xTLZEBBkVWoyd7UHnGp4vzwoEJ7lmr3CQ=
github.com/Eyevinn/webtransport-go v0.0.0-20260806102014-dfc839273d65 h1:+5Bv5dO3Zg49eswFkzmIYSxN3xL2NK4hHE00QyLJ5XE=
github.com/Eyevinn/webtransport-go v0.0.0-20260806102014-dfc839273d65/go.mod h1:GHne8aRFJ24h73pAMrcywXtuaz/ShBXCLXLvG/NPFdU=
github.com/beevik/etree v1.5.0 h1:iaQZFSDS+3kYZiGoc9uKeOkUY3nYMXOKLl6KIJxiJWs=
github.com/beevik/etree v1.5.0/go.mod h1:gPNJNaBGVZ9AwsidazFZyygnd+0pAU38N4D+WemwKNs=
github.com/dunglas/httpsfv v1.1.0 h1:Jw76nAyKWKZKFrpMMcL76y35tOpYHqQPzHQiwDvpe54=
github.com/dunglas/httpsfv v1.1.0/go.mod h1:zID2mqw9mFsnt7YC3vYQ9/cjq30q41W+1AnDwH8TiMg=
github.com/go-test/deep v1.1.0 h1:WOcxcdHcvdgThNXjw0t76K42FXTU7HpNQWHpA2HHNlg=
github.com/go-test/deep v1.1.0/go.mod h1:5C2ZWiW0ErCdrYzpqxLbTX7MG14M9iiw8DgHncVwcsE=
github.com/mengelbart/qlog v0.1.0 h1:8cDMuCMcKtzkPXUU5FF7OBwqKiy+De0GKvIvNawifoA=
github.com/mengelbart/qlog v0.1.0/go.mod h1:nIlGcUugkfDu41B8LKdAwjHQ1NxAF54D9hS2EDOlVyk=
github.com/quic-go/go-ossfuzz-seeds v0.1.0 h1:APacT+iIaNF6fd8AGEiN3bT/Jtkd2jz4v4TzM7MFjy0=
github.com/quic-go/go-ossfuzz-seeds v0.1.0/go.mod h1:3IOHRbJIc+L6YKMwfDtJAM9Vj9k0YY4muhuyUYk5tbk=
github.com/quic-go/qpack v0.6.0 h1:g7W+BMYynC1LbYLSqRt8PBg5Tgwxn214ZZR34VIOjz8=
github.com/quic-go/qpack v0.6.0/go.mod h1:lUpLKChi8njB4ty2bFLX2x4gzDqXwUpaO1DP9qMDZII=
github.com/quic-go/quic-go v0.62.0 h1:ZHDjCk5OacATwGvs8PWE97CTvX7AqZiVoW7++ZOXTf8=
github.com/quic-go/quic-go v0.62.0/go.mod h1:RAro2j2yN9a9EiPACLHT9IB2NXCvGQmmo/alT0yYI0w=
github.com/stretchr/testify v1.12.1 h1:EuwCh5fleGS7H32xRwO3wRGT7DxrDhLAT6FF8MpWDWE=
github.com/stretchr/testify v1.12.1/go.mod h1:MDEgiDPPsNp5cuIrHPPCyornHKgEVbtFUmoNlxoYthg=
go.uber.org/goleak v1.3.0 h1:2K3zAYmnTNqV73imy9J1T3WC+gmCePx2hEGkimedGto=
go.uber.org/goleak v1.3.0/go.mod h1:CoHD4mav9JJNrW/WLlf7HGZPjdw8EucARQHekz1X6bE=
go.uber.org/mock v0.5.2 h1:LbtPTcP8A5k9WPXj54PPPbjcI4Y6lhyOZXn+VS7wNko=
go.uber.org/mock v0.5.2/go.mod h1:wLlUxC2vVTPTaE3UD51E0BGOAElKrILxhVSDYQLld5o=
go.yaml.in/yaml/v3 v3.0.5 h1:N6y/pJk8buWs9NY5ERU2HSMfm+IuD/OtfdAnq6kESPw=
go.yaml.in/yaml/v3 v3.0.5/go.mod h1:HVTZu1O7/Vkt2N+BFy8Zza+lnLsABggaTM2ZpNIGuKg=
golang.org/x/crypto v0.54.0 h1:YLIA59K4fiNzHzjnZt2tUJQjQtUWfWbeHBqKtk3eScw=
golang.org/x/crypto v0.54.0/go.mod h1:KWL8ny2AZdGR2cWmzeHrp2azQPGogOv+HeQaVEXC2dk=
golang.org/x/net v0.56.0 h1:Rw8j/hFzGvJUZwNBXnAtf5sVDVt+65SK2C7IxCxZt5o=
golang.org/x/net v0.56.0/go.mod h1:D3Ku6r+V6JROoZK144D2XfMHFcMq/0zSfLelVTCFKec=
golang.org/x/sys v0.47.0 h1:o7XGOvZQCADBQQ4Y7VNq2dRWQR7JmOUW8Kxx4ZsNgWs=
golang.org/x/sys v0.47.0/go.mod h1:4GL1E5IUh+htKOUEOaiffhrAeqysfVGipDYzABqnCmw=
golang.org/x/text v0.40.0 h1:Ub2Z6/xjgF1WrYQz2nuITOEegKFtiIy+rieRJ5lHZKs=
golang.org/x/text v0.40.0/go.mod h1:hpnzDAfGV753zIKo+wk3u1bVKCGPbrnF7+7LBF/UHVY=
